
Microsoft Visual Studio Solution File, Format Version 12.00
# Visual Studio Version 17
VisualStudioVersion = 17.3.32825.248
MinimumVisualStudioVersion = 10.0.40219.1
Project("{FAE04EC0-301F-11D3-BF4B-00C04F79EFBC}") = "VuelosAdrian", "VuelosAdrian\VuelosAdrian.csproj", "{489B5455-7D2D-4114-A166-75A375627470}"
EndProject
Global
	GlobalSection(SolutionConfigurationPlatforms) = preSolution
		Debug|Any CPU = Debug|Any CPU
		Release|Any CPU = Release|Any CPU
	EndGlobalSection
	GlobalSection(ProjectConfigurationPlatforms) = postSolution
		{489B5455-7D2D-4114-A166-75A375627470}.Debug|Any CPU.ActiveCfg = Debug|Any CPU
		{489B5455-7D2D-4114-A166-75A375627470}.Debug|Any CPU.Build.0 = Debug|Any CPU
		{489B5455-7D2D-4114-A166-75A375627470}.Release|Any CPU.ActiveCfg = Release|Any CPU
		{489B5455-7D2D-4114-A166-75A375627470}.Release|Any CPU.Build.0 = Release|Any CPU
	EndGlobalSection
	GlobalSection(SolutionProperties) = preSolution
		HideSolutionNode = FALSE
	EndGlobalSection
	GlobalSection(ExtensibilityGlobals) = postSolution
		SolutionGuid = {F9D3FEC2-F987-41CA-88AC-6C3E38940253}
	EndGlobalSection
EndGlobal
